
Microsoft Visual Studio Solution File, Format Version 12.00
# Visual Studio Version 17
VisualStudioVersion = 17.9.34728.123
MinimumVisualStudioVersion = 10.0.40219.1
Project("{FAE04EC0-301F-11D3-BF4B-00C04F79EFBC}") = "Exercicios", "Exercicios\Exercicios.csproj", "{4FDA4F31-AB82-431F-815C-4F10EE89C1A2}"
EndProject
Global
	GlobalSection(SolutionConfigurationPlatforms) = preSolution
		Debug|Any CPU = Debug|Any CPU
		Release|Any CPU = Release|Any CPU
	EndGlobalSection
	GlobalSection(ProjectConfigurationPlatforms) = postSolution
		{4FDA4F31-AB82-431F-815C-4F10EE89C1A2}.Debug|Any CPU.ActiveCfg = Debug|Any CPU
		{4FDA4F31-AB82-431F-815C-4F10EE89C1A2}.Debug|Any CPU.Build.0 = Debug|Any CPU
		{4FDA4F31-AB82-431F-815C-4F10EE89C1A2}.Release|Any CPU.ActiveCfg = Release|Any CPU
		{4FDA4F31-AB82-431F-815C-4F10EE89C1A2}.Release|Any CPU.Build.0 = Release|Any CPU
	EndGlobalSection
	GlobalSection(SolutionProperties) = preSolution
		HideSolutionNode = FALSE
	EndGlobalSection
	GlobalSection(ExtensibilityGlobals) = postSolution
		SolutionGuid = {1958A4EA-9B29-4475-9544-B1CA553C9E4C}
	EndGlobalSection
EndGlobal
